
Microsoft Visual Studio Solution File, Format Version 12.00
# Visual Studio Version 16
VisualStudioVersion = 16.0.32126.315
MinimumVisualStudioVersion = 10.0.40219.1
Project("{FAE04EC0-301F-11D3-BF4B-00C04F79EFBC}") = "naman11", "project0.1\naman11.csproj", "{47FFE633-CCAB-4D14-A356-E9D933EC478E}"
EndProject
Global
	GlobalSection(SolutionConfigurationPlatforms) = preSolution
		Debug|Any CPU = Debug|Any CPU
		Release|Any CPU = Release|Any CPU
	EndGlobalSection
	GlobalSection(ProjectConfigurationPlatforms) = postSolution
		{47FFE633-CCAB-4D14-A356-E9D933EC478E}.Debug|Any CPU.ActiveCfg = Debug|Any CPU
		{47FFE633-CCAB-4D14-A356-E9D933EC478E}.Debug|Any CPU.Build.0 = Debug|Any CPU
		{47FFE633-CCAB-4D14-A356-E9D933EC478E}.Release|Any CPU.ActiveCfg = Release|Any CPU
		{47FFE633-CCAB-4D14-A356-E9D933EC478E}.Release|Any CPU.Build.0 = Release|Any CPU
	EndGlobalSection
	GlobalSection(SolutionProperties) = preSolution
		HideSolutionNode = FALSE
	EndGlobalSection
	GlobalSection(ExtensibilityGlobals) = postSolution
		SolutionGuid = {E88D1F3D-9833-4ACB-9C9C-5BA6D8DA372F}
	EndGlobalSection
EndGlobal
